
Microsoft Visual Studio Solution File, Format Version 12.00
# Visual Studio Version 17
VisualStudioVersion = 17.5.33516.290
MinimumVisualStudioVersion = 10.0.40219.1
Project("{8BC9CEB8-8B4A-11D0-8D11-00A0C91BC942}") = "AdMatchingSystem", "AdMatchingSystem.vcxproj", "{683D1E6E-4F6C-423F-801C-C2A9787DC156}"
EndProject
Project("{8BC9CEB8-8B4A-11D0-8D11-00A0C91BC942}") = "Tests", "..\Tests\Tests.vcxproj", "{66F7701B-B8BE-439E-B386-FCBD15B90B7E}"
EndProject
Global
	GlobalSection(SolutionConfigurationPlatforms) = preSolution
		Debug|x64 = Debug|x64
		Debug|x86 = Debug|x86
		Release|x64 = Release|x64
		Release|x86 = Release|x86
	EndGlobalSection
	GlobalSection(ProjectConfigurationPlatforms) = postSolution
		{683D1E6E-4F6C-423F-801C-C2A9787DC156}.Debug|x64.ActiveCfg = Debug|x64
		{683D1E6E-4F6C-423F-801C-C2A9787DC156}.Debug|x64.Build.0 = Debug|x64
		{683D1E6E-4F6C-423F-801C-C2A9787DC156}.Debug|x86.ActiveCfg = Debug|Win32
		{683D1E6E-4F6C-423F-801C-C2A9787DC156}.Debug|x86.Build.0 = Debug|Win32
		{683D1E6E-4F6C-423F-801C-C2A9787DC156}.Release|x64.ActiveCfg = Release|x64
		{683D1E6E-4F6C-423F-801C-C2A9787DC156}.Release|x64.Build.0 = Release|x64
		{683D1E6E-4F6C-423F-801C-C2A9787DC156}.Release|x86.ActiveCfg = Release|Win32
		{683D1E6E-4F6C-423F-801C-C2A9787DC156}.Release|x86.Build.0 = Release|Win32
		{66F7701B-B8BE-439E-B386-FCBD15B90B7E}.Debug|x64.ActiveCfg = Debug|x64
		{66F7701B-B8BE-439E-B386-FCBD15B90B7E}.Debug|x64.Build.0 = Debug|x64
		{66F7701B-B8BE-439E-B386-FCBD15B90B7E}.Debug|x86.ActiveCfg = Debug|Win32
		{66F7701B-B8BE-439E-B386-FCBD15B90B7E}.Debug|x86.Build.0 = Debug|Win32
		{66F7701B-B8BE-439E-B386-FCBD15B90B7E}.Release|x64.ActiveCfg = Release|x64
		{66F7701B-B8BE-439E-B386-FCBD15B90B7E}.Release|x64.Build.0 = Release|x64
		{66F7701B-B8BE-439E-B386-FCBD15B90B7E}.Release|x86.ActiveCfg = Release|Win32
		{66F7701B-B8BE-439E-B386-FCBD15B90B7E}.Release|x86.Build.0 = Release|Win32
	EndGlobalSection
	GlobalSection(SolutionProperties) = preSolution
		HideSolutionNode = FALSE
	EndGlobalSection
	GlobalSection(ExtensibilityGlobals) = postSolution
		SolutionGuid = {242D0A17-6F2F-4BA0-B1B4-E146EAE117B0}
	EndGlobalSection
EndGlobal
